
Microsoft Visual Studio Solution File, Format Version 12.00
# Visual Studio 15
VisualStudioVersion = 15.0.26430.16
MinimumVisualStudioVersion = 10.0.40219.1
Project("{F184B08F-C81C-45F6-A57F-5ABD9991F28F}") = "Volvox_0.4.0.1", "Volvox_0.3\PCloud\Volvox_0.4.0.1.vbproj", "{269D4DDC-1C63-4EBC-ABBD-B47064B28282}"
	ProjectSection(ProjectDependencies) = postProject
		{AC932F24-906E-48FA-8AD6-027DD48C96F2} = {AC932F24-906E-48FA-8AD6-027DD48C96F2}
		{9206BD2F-62F2-4A7B-9252-002A67C8A7A4} = {9206BD2F-62F2-4A7B-9252-002A67C8A7A4}
		{918D8338-71AC-4D03-9214-1137138BE9AC} = {918D8338-71AC-4D03-9214-1137138BE9AC}
		{A9D77871-B936-4589-B7B6-1CC96B103D23} = {A9D77871-B936-4589-B7B6-1CC96B103D23}
		{6EDD7094-1B77-46B1-A978-1D9B50141ED6} = {6EDD7094-1B77-46B1-A978-1D9B50141ED6}
	EndProjectSection
EndProject
Project("{2150E333-8FDC-42A3-9474-1A3956D46DE8}") = "Volvox.Core", "Volvox.Core", "{36656CC7-6B72-4ACD-AB58-493A93140713}"
EndProject
Project("{F184B08F-C81C-45F6-A57F-5ABD9991F28F}") = "E57LibCommon", "Volvox.Core\e57Lib\E57LibCommon\E57LibCommon.vbproj", "{6EDD7094-1B77-46B1-A978-1D9B50141ED6}"
EndProject
Project("{F184B08F-C81C-45F6-A57F-5ABD9991F28F}") = "E57LibReader", "Volvox.Core\e57Lib\E57Lib\E57LibReader.vbproj", "{9206BD2F-62F2-4A7B-9252-002A67C8A7A4}"
EndProject
Project("{F184B08F-C81C-45F6-A57F-5ABD9991F28F}") = "E57LibWriter", "Volvox.Core\e57Lib\E57LibWriter\E57LibWriter.vbproj", "{AC932F24-906E-48FA-8AD6-027DD48C96F2}"
EndProject
Project("{F184B08F-C81C-45F6-A57F-5ABD9991F28F}") = "Volvox_Cloud", "Volvox.Core\Volvox_Cloud\Volvox_Cloud.vbproj", "{A9D77871-B936-4589-B7B6-1CC96B103D23}"
EndProject
Project("{F184B08F-C81C-45F6-A57F-5ABD9991F28F}") = "Volvox_Instr", "Volvox.Core\Volvox_Instr\Volvox_Instr.vbproj", "{918D8338-71AC-4D03-9214-1137138BE9AC}"
EndProject
Project("{FAE04EC0-301F-11D3-BF4B-00C04F79EFBC}") = "Volvox_0.4.0.2", "Volvox_0.4\Volvox_0.4.0.2.csproj", "{9897773C-5D95-4520-848A-C71816FEB22B}"
EndProject
Project("{2150E333-8FDC-42A3-9474-1A3956D46DE8}") = "Volvox.Common", "Volvox.Common", "{694F70C0-1C23-4C45-882A-F4FEEDD5A0DF}"
EndProject
Project("{F184B08F-C81C-45F6-A57F-5ABD9991F28F}") = "Volvox.Common", "Volvox.Common\Volvox.Common\Volvox.Common.vbproj", "{BE114777-1358-4B08-B607-36A7101AB721}"
EndProject
Project("{2150E333-8FDC-42A3-9474-1A3956D46DE8}") = "Volvox.KDTree", "Volvox.KDTree", "{A2A7988F-7887-456D-9E76-83C41FF6E350}"
EndProject
Project("{FAE04EC0-301F-11D3-BF4B-00C04F79EFBC}") = "KDTree.Core", "Volvox.KDTree\KDTree.Core\KDTree.Core.csproj", "{EE64FF62-E0CA-42C8-AD25-76EF8D028EF6}"
EndProject
Project("{FAE04EC0-301F-11D3-BF4B-00C04F79EFBC}") = "KDTree.Common", "Volvox.KDTree\KDTree.GH.Common\KDTree.Common.csproj", "{77868B3A-E940-4F8D-B0BB-EB454003BA88}"
EndProject
Project("{2150E333-8FDC-42A3-9474-1A3956D46DE8}") = "Volvox.Installer", "Volvox.Installer", "{E0C9BACD-8678-4887-B415-695FDFE8F7A3}"
EndProject
Project("{F184B08F-C81C-45F6-A57F-5ABD9991F28F}") = "UnVolvox", "Volvox_Installer\VolvoxInstaller\UnVolvox\UnVolvox.vbproj", "{FD720373-B1DD-46A9-AFAF-C1AA2D06F95D}"
EndProject
Project("{F184B08F-C81C-45F6-A57F-5ABD9991F28F}") = "Volvox", "Volvox_Installer\VolvoxInstaller\VolvoxInstaller\Volvox.vbproj", "{E7DF1CAA-69D5-4AAD-A95F-61E82EEFDF2C}"
EndProject
Global
	GlobalSection(SolutionConfigurationPlatforms) = preSolution
		Debug|Any CPU = Debug|Any CPU
		Debug32|Any CPU = Debug32|Any CPU
		Debug64|Any CPU = Debug64|Any CPU
		Release|Any CPU = Release|Any CPU
	EndGlobalSection
	GlobalSection(ProjectConfigurationPlatforms) = postSolution
		{269D4DDC-1C63-4EBC-ABBD-B47064B28282}.Debug|Any CPU.ActiveCfg = Debug|Any CPU
		{269D4DDC-1C63-4EBC-ABBD-B47064B28282}.Debug|Any CPU.Build.0 = Debug|Any CPU
		{269D4DDC-1C63-4EBC-ABBD-B47064B28282}.Debug32|Any CPU.ActiveCfg = Debug|Any CPU
		{269D4DDC-1C63-4EBC-ABBD-B47064B28282}.Debug32|Any CPU.Build.0 = Debug|Any CPU
		{269D4DDC-1C63-4EBC-ABBD-B47064B28282}.Debug64|Any CPU.ActiveCfg = Debug|Any CPU
		{269D4DDC-1C63-4EBC-ABBD-B47064B28282}.Debug64|Any CPU.Build.0 = Debug|Any CPU
		{269D4DDC-1C63-4EBC-ABBD-B47064B28282}.Release|Any CPU.ActiveCfg = Release|Any CPU
		{269D4DDC-1C63-4EBC-ABBD-B47064B28282}.Release|Any CPU.Build.0 = Release|Any CPU
		{6EDD7094-1B77-46B1-A978-1D9B50141ED6}.Debug|Any CPU.ActiveCfg = Debug|Any CPU
		{6EDD7094-1B77-46B1-A978-1D9B50141ED6}.Debug|Any CPU.Build.0 = Debug|Any CPU
		{6EDD7094-1B77-46B1-A978-1D9B50141ED6}.Debug32|Any CPU.ActiveCfg = Debug|Any CPU
		{6EDD7094-1B77-46B1-A978-1D9B50141ED6}.Debug32|Any CPU.Build.0 = Debug|Any CPU
		{6EDD7094-1B77-46B1-A978-1D9B50141ED6}.Debug64|Any CPU.ActiveCfg = Debug|Any CPU
		{6EDD7094-1B77-46B1-A978-1D9B50141ED6}.Debug64|Any CPU.Build.0 = Debug|Any CPU
		{6EDD7094-1B77-46B1-A978-1D9B50141ED6}.Release|Any CPU.ActiveCfg = Release|Any CPU
		{6EDD7094-1B77-46B1-A978-1D9B50141ED6}.Release|Any CPU.Build.0 = Release|Any CPU
		{9206BD2F-62F2-4A7B-9252-002A67C8A7A4}.Debug|Any CPU.ActiveCfg = Debug|Any CPU
		{9206BD2F-62F2-4A7B-9252-002A67C8A7A4}.Debug|Any CPU.Build.0 = Debug|Any CPU
		{9206BD2F-62F2-4A7B-9252-002A67C8A7A4}.Debug32|Any CPU.ActiveCfg = Debug|Any CPU
		{9206BD2F-62F2-4A7B-9252-002A67C8A7A4}.Debug32|Any CPU.Build.0 = Debug|Any CPU
		{9206BD2F-62F2-4A7B-9252-002A67C8A7A4}.Debug64|Any CPU.ActiveCfg = Debug|Any CPU
		{9206BD2F-62F2-4A7B-9252-002A67C8A7A4}.Debug64|Any CPU.Build.0 = Debug|Any CPU
		{9206BD2F-62F2-4A7B-9252-002A67C8A7A4}.Release|Any CPU.ActiveCfg = Release|Any CPU
		{9206BD2F-62F2-4A7B-9252-002A67C8A7A4}.Release|Any CPU.Build.0 = Release|Any CPU
		{AC932F24-906E-48FA-8AD6-027DD48C96F2}.Debug|Any CPU.ActiveCfg = Debug|Any CPU
		{AC932F24-906E-48FA-8AD6-027DD48C96F2}.Debug|Any CPU.Build.0 = Debug|Any CPU
		{AC932F24-906E-48FA-8AD6-027DD48C96F2}.Debug32|Any CPU.ActiveCfg = Debug|Any CPU
		{AC932F24-906E-48FA-8AD6-027DD48C96F2}.Debug32|Any CPU.Build.0 = Debug|Any CPU
		{AC932F24-906E-48FA-8AD6-027DD48C96F2}.Debug64|Any CPU.ActiveCfg = Debug|Any CPU
		{AC932F24-906E-48FA-8AD6-027DD48C96F2}.Debug64|Any CPU.Build.0 = Debug|Any CPU
		{AC932F24-906E-48FA-8AD6-027DD48C96F2}.Release|Any CPU.ActiveCfg = Release|Any CPU
		{AC932F24-906E-48FA-8AD6-027DD48C96F2}.Release|Any CPU.Build.0 = Release|Any CPU
		{A9D77871-B936-4589-B7B6-1CC96B103D23}.Debug|Any CPU.ActiveCfg = Debug|Any CPU
		{A9D77871-B936-4589-B7B6-1CC96B103D23}.Debug|Any CPU.Build.0 = Debug|Any CPU
		{A9D77871-B936-4589-B7B6-1CC96B103D23}.Debug32|Any CPU.ActiveCfg = Debug|Any CPU
		{A9D77871-B936-4589-B7B6-1CC96B103D23}.Debug32|Any CPU.Build.0 = Debug|Any CPU
		{A9D77871-B936-4589-B7B6-1CC96B103D23}.Debug64|Any CPU.ActiveCfg = Debug|Any CPU
		{A9D77871-B936-4589-B7B6-1CC96B103D23}.Debug64|Any CPU.Build.0 = Debug|Any CPU
		{A9D77871-B936-4589-B7B6-1CC96B103D23}.Release|Any CPU.ActiveCfg = Release|Any CPU
		{A9D77871-B936-4589-B7B6-1CC96B103D23}.Release|Any CPU.Build.0 = Release|Any CPU
		{918D8338-71AC-4D03-9214-1137138BE9AC}.Debug|Any CPU.ActiveCfg = Debug|Any CPU
		{918D8338-71AC-4D03-9214-1137138BE9AC}.Debug|Any CPU.Build.0 = Debug|Any CPU
		{918D8338-71AC-4D03-9214-1137138BE9AC}.Debug32|Any CPU.ActiveCfg = Debug|Any CPU
		{918D8338-71AC-4D03-9214-1137138BE9AC}.Debug32|Any CPU.Build.0 = Debug|Any CPU
		{918D8338-71AC-4D03-9214-1137138BE9AC}.Debug64|Any CPU.ActiveCfg = Debug|Any CPU
		{918D8338-71AC-4D03-9214-1137138BE9AC}.Debug64|Any CPU.Build.0 = Debug|Any CPU
		{918D8338-71AC-4D03-9214-1137138BE9AC}.Release|Any CPU.ActiveCfg = Release|Any CPU
		{918D8338-71AC-4D03-9214-1137138BE9AC}.Release|Any CPU.Build.0 = Release|Any CPU
		{9897773C-5D95-4520-848A-C71816FEB22B}.Debug|Any CPU.ActiveCfg = Debug|Any CPU
		{9897773C-5D95-4520-848A-C71816FEB22B}.Debug|Any CPU.Build.0 = Debug|Any CPU
		{9897773C-5D95-4520-848A-C71816FEB22B}.Debug32|Any CPU.ActiveCfg = Debug|Any CPU
		{9897773C-5D95-4520-848A-C71816FEB22B}.Debug32|Any CPU.Build.0 = Debug|Any CPU
		{9897773C-5D95-4520-848A-C71816FEB22B}.Debug64|Any CPU.ActiveCfg = Debug|Any CPU
		{9897773C-5D95-4520-848A-C71816FEB22B}.Debug64|Any CPU.Build.0 = Debug|Any CPU
		{9897773C-5D95-4520-848A-C71816FEB22B}.Release|Any CPU.ActiveCfg = Release|Any CPU
		{9897773C-5D95-4520-848A-C71816FEB22B}.Release|Any CPU.Build.0 = Release|Any CPU
		{BE114777-1358-4B08-B607-36A7101AB721}.Debug|Any CPU.ActiveCfg = Debug|Any CPU
		{BE114777-1358-4B08-B607-36A7101AB721}.Debug|Any CPU.Build.0 = Debug|Any CPU
		{BE114777-1358-4B08-B607-36A7101AB721}.Debug32|Any CPU.ActiveCfg = Debug|Any CPU
		{BE114777-1358-4B08-B607-36A7101AB721}.Debug32|Any CPU.Build.0 = Debug|Any CPU
		{BE114777-1358-4B08-B607-36A7101AB721}.Debug64|Any CPU.ActiveCfg = Debug|Any CPU
		{BE114777-1358-4B08-B607-36A7101AB721}.Debug64|Any CPU.Build.0 = Debug|Any CPU
		{BE114777-1358-4B08-B607-36A7101AB721}.Release|Any CPU.ActiveCfg = Release|Any CPU
		{BE114777-1358-4B08-B607-36A7101AB721}.Release|Any CPU.Build.0 = Release|Any CPU
		{EE64FF62-E0CA-42C8-AD25-76EF8D028EF6}.Debug|Any CPU.ActiveCfg = Debug|Any CPU
		{EE64FF62-E0CA-42C8-AD25-76EF8D028EF6}.Debug|Any CPU.Build.0 = Debug|Any CPU
		{EE64FF62-E0CA-42C8-AD25-76EF8D028EF6}.Debug32|Any CPU.ActiveCfg = Debug|Any CPU
		{EE64FF62-E0CA-42C8-AD25-76EF8D028EF6}.Debug32|Any CPU.Build.0 = Debug|Any CPU
		{EE64FF62-E0CA-42C8-AD25-76EF8D028EF6}.Debug64|Any CPU.ActiveCfg = Debug|Any CPU
		{EE64FF62-E0CA-42C8-AD25-76EF8D028EF6}.Debug64|Any CPU.Build.0 = Debug|Any CPU
		{EE64FF62-E0CA-42C8-AD25-76EF8D028EF6}.Release|Any CPU.ActiveCfg = Release|Any CPU
		{EE64FF62-E0CA-42C8-AD25-76EF8D028EF6}.Release|Any CPU.Build.0 = Release|Any CPU
		{77868B3A-E940-4F8D-B0BB-EB454003BA88}.Debug|Any CPU.ActiveCfg = Debug|Any CPU
		{77868B3A-E940-4F8D-B0BB-EB454003BA88}.Debug|Any CPU.Build.0 = Debug|Any CPU
		{77868B3A-E940-4F8D-B0BB-EB454003BA88}.Debug32|Any CPU.ActiveCfg = Debug|Any CPU
		{77868B3A-E940-4F8D-B0BB-EB454003BA88}.Debug32|Any CPU.Build.0 = Debug|Any CPU
		{77868B3A-E940-4F8D-B0BB-EB454003BA88}.Debug64|Any CPU.ActiveCfg = Debug|Any CPU
		{77868B3A-E940-4F8D-B0BB-EB454003BA88}.Debug64|Any CPU.Build.0 = Debug|Any CPU
		{77868B3A-E940-4F8D-B0BB-EB454003BA88}.Release|Any CPU.ActiveCfg = Release|Any CPU
		{77868B3A-E940-4F8D-B0BB-EB454003BA88}.Release|Any CPU.Build.0 = Release|Any CPU
		{FD720373-B1DD-46A9-AFAF-C1AA2D06F95D}.Debug|Any CPU.ActiveCfg = Debug|Any CPU
		{FD720373-B1DD-46A9-AFAF-C1AA2D06F95D}.Debug|Any CPU.Build.0 = Debug|Any CPU
		{FD720373-B1DD-46A9-AFAF-C1AA2D06F95D}.Debug32|Any CPU.ActiveCfg = Debug|Any CPU
		{FD720373-B1DD-46A9-AFAF-C1AA2D06F95D}.Debug32|Any CPU.Build.0 = Debug|Any CPU
		{FD720373-B1DD-46A9-AFAF-C1AA2D06F95D}.Debug64|Any CPU.ActiveCfg = Debug|Any CPU
		{FD720373-B1DD-46A9-AFAF-C1AA2D06F95D}.Debug64|Any CPU.Build.0 = Debug|Any CPU
		{FD720373-B1DD-46A9-AFAF-C1AA2D06F95D}.Release|Any CPU.ActiveCfg = Release|Any CPU
		{FD720373-B1DD-46A9-AFAF-C1AA2D06F95D}.Release|Any CPU.Build.0 = Release|Any CPU
		{E7DF1CAA-69D5-4AAD-A95F-61E82EEFDF2C}.Debug|Any CPU.ActiveCfg = Debug|Any CPU
		{E7DF1CAA-69D5-4AAD-A95F-61E82EEFDF2C}.Debug|Any CPU.Build.0 = Debug|Any CPU
		{E7DF1CAA-69D5-4AAD-A95F-61E82EEFDF2C}.Debug32|Any CPU.ActiveCfg = Debug|Any CPU
		{E7DF1CAA-69D5-4AAD-A95F-61E82EEFDF2C}.Debug32|Any CPU.Build.0 = Debug|Any CPU
		{E7DF1CAA-69D5-4AAD-A95F-61E82EEFDF2C}.Debug64|Any CPU.ActiveCfg = Debug|Any CPU
		{E7DF1CAA-69D5-4AAD-A95F-61E82EEFDF2C}.Debug64|Any CPU.Build.0 = Debug|Any CPU
		{E7DF1CAA-69D5-4AAD-A95F-61E82EEFDF2C}.Release|Any CPU.ActiveCfg = Release|Any CPU
		{E7DF1CAA-69D5-4AAD-A95F-61E82EEFDF2C}.Release|Any CPU.Build.0 = Release|Any CPU
	EndGlobalSection
	GlobalSection(SolutionProperties) = preSolution
		HideSolutionNode = FALSE
	EndGlobalSection
	GlobalSection(NestedProjects) = preSolution
		{6EDD7094-1B77-46B1-A978-1D9B50141ED6} = {36656CC7-6B72-4ACD-AB58-493A93140713}
		{9206BD2F-62F2-4A7B-9252-002A67C8A7A4} = {36656CC7-6B72-4ACD-AB58-493A93140713}
		{AC932F24-906E-48FA-8AD6-027DD48C96F2} = {36656CC7-6B72-4ACD-AB58-493A93140713}
		{A9D77871-B936-4589-B7B6-1CC96B103D23} = {36656CC7-6B72-4ACD-AB58-493A93140713}
		{918D8338-71AC-4D03-9214-1137138BE9AC} = {36656CC7-6B72-4ACD-AB58-493A93140713}
		{BE114777-1358-4B08-B607-36A7101AB721} = {694F70C0-1C23-4C45-882A-F4FEEDD5A0DF}
		{EE64FF62-E0CA-42C8-AD25-76EF8D028EF6} = {A2A7988F-7887-456D-9E76-83C41FF6E350}
		{77868B3A-E940-4F8D-B0BB-EB454003BA88} = {A2A7988F-7887-456D-9E76-83C41FF6E350}
		{FD720373-B1DD-46A9-AFAF-C1AA2D06F95D} = {E0C9BACD-8678-4887-B415-695FDFE8F7A3}
		{E7DF1CAA-69D5-4AAD-A95F-61E82EEFDF2C} = {E0C9BACD-8678-4887-B415-695FDFE8F7A3}
	EndGlobalSection
	GlobalSection(ExtensibilityGlobals) = postSolution
		SolutionGuid = {C30E7796-6A80-4F87-93DB-EC57E15B8BA8}
	EndGlobalSection
EndGlobal
